
Microsoft Visual Studio Solution File, Format Version 12.00
# Visual Studio Version 16
VisualStudioVersion = 16.0.31727.386
MinimumVisualStudioVersion = 10.0.40219.1
Project("{8BC9CEB8-8B4A-11D0-8D11-00A0C91BC942}") = "Dobro", "Dobro\Dobro.vcxproj", "{4BDF8ED9-0EFE-4F12-81FB-8D5F9CA4724F}"
EndProject
Project("{8BC9CEB8-8B4A-11D0-8D11-00A0C91BC942}") = "DobroCli", "DobroCli\DobroCli.vcxproj", "{95D2852C-F642-44F7-A5F6-30B75B6DC9DD}"
EndProject
Global
	GlobalSection(SolutionConfigurationPlatforms) = preSolution
		Debug|ARM = Debug|ARM
		Debug|ARM64 = Debug|ARM64
		Debug|x64 = Debug|x64
		Debug|x86 = Debug|x86
		Release|ARM = Release|ARM
		Release|ARM64 = Release|ARM64
		Release|x64 = Release|x64
		Release|x86 = Release|x86
	EndGlobalSection
	GlobalSection(ProjectConfigurationPlatforms) = postSolution
		{4BDF8ED9-0EFE-4F12-81FB-8D5F9CA4724F}.Debug|ARM.ActiveCfg = Debug|ARM
		{4BDF8ED9-0EFE-4F12-81FB-8D5F9CA4724F}.Debug|ARM.Build.0 = Debug|ARM
		{4BDF8ED9-0EFE-4F12-81FB-8D5F9CA4724F}.Debug|ARM.Deploy.0 = Debug|ARM
		{4BDF8ED9-0EFE-4F12-81FB-8D5F9CA4724F}.Debug|ARM64.ActiveCfg = Debug|ARM64
		{4BDF8ED9-0EFE-4F12-81FB-8D5F9CA4724F}.Debug|ARM64.Build.0 = Debug|ARM64
		{4BDF8ED9-0EFE-4F12-81FB-8D5F9CA4724F}.Debug|ARM64.Deploy.0 = Debug|ARM64
		{4BDF8ED9-0EFE-4F12-81FB-8D5F9CA4724F}.Debug|x64.ActiveCfg = Debug|x64
		{4BDF8ED9-0EFE-4F12-81FB-8D5F9CA4724F}.Debug|x64.Build.0 = Debug|x64
		{4BDF8ED9-0EFE-4F12-81FB-8D5F9CA4724F}.Debug|x64.Deploy.0 = Debug|x64
		{4BDF8ED9-0EFE-4F12-81FB-8D5F9CA4724F}.Debug|x86.ActiveCfg = Debug|Win32
		{4BDF8ED9-0EFE-4F12-81FB-8D5F9CA4724F}.Debug|x86.Build.0 = Debug|Win32
		{4BDF8ED9-0EFE-4F12-81FB-8D5F9CA4724F}.Debug|x86.Deploy.0 = Debug|Win32
		{4BDF8ED9-0EFE-4F12-81FB-8D5F9CA4724F}.Release|ARM.ActiveCfg = Release|ARM
		{4BDF8ED9-0EFE-4F12-81FB-8D5F9CA4724F}.Release|ARM.Build.0 = Release|ARM
		{4BDF8ED9-0EFE-4F12-81FB-8D5F9CA4724F}.Release|ARM.Deploy.0 = Release|ARM
		{4BDF8ED9-0EFE-4F12-81FB-8D5F9CA4724F}.Release|ARM64.ActiveCfg = Release|ARM64
		{4BDF8ED9-0EFE-4F12-81FB-8D5F9CA4724F}.Release|ARM64.Build.0 = Release|ARM64
		{4BDF8ED9-0EFE-4F12-81FB-8D5F9CA4724F}.Release|ARM64.Deploy.0 = Release|ARM64
		{4BDF8ED9-0EFE-4F12-81FB-8D5F9CA4724F}.Release|x64.ActiveCfg = Release|x64
		{4BDF8ED9-0EFE-4F12-81FB-8D5F9CA4724F}.Release|x64.Build.0 = Release|x64
		{4BDF8ED9-0EFE-4F12-81FB-8D5F9CA4724F}.Release|x64.Deploy.0 = Release|x64
		{4BDF8ED9-0EFE-4F12-81FB-8D5F9CA4724F}.Release|x86.ActiveCfg = Release|Win32
		{4BDF8ED9-0EFE-4F12-81FB-8D5F9CA4724F}.Release|x86.Build.0 = Release|Win32
		{4BDF8ED9-0EFE-4F12-81FB-8D5F9CA4724F}.Release|x86.Deploy.0 = Release|Win32
		{95D2852C-F642-44F7-A5F6-30B75B6DC9DD}.Debug|ARM.ActiveCfg = Debug|Win32
		{95D2852C-F642-44F7-A5F6-30B75B6DC9DD}.Debug|ARM64.ActiveCfg = Debug|Win32
		{95D2852C-F642-44F7-A5F6-30B75B6DC9DD}.Debug|x64.ActiveCfg = Debug|x64
		{95D2852C-F642-44F7-A5F6-30B75B6DC9DD}.Debug|x64.Build.0 = Debug|x64
		{95D2852C-F642-44F7-A5F6-30B75B6DC9DD}.Debug|x86.ActiveCfg = Debug|Win32
		{95D2852C-F642-44F7-A5F6-30B75B6DC9DD}.Debug|x86.Build.0 = Debug|Win32
		{95D2852C-F642-44F7-A5F6-30B75B6DC9DD}.Release|ARM.ActiveCfg = Release|Win32
		{95D2852C-F642-44F7-A5F6-30B75B6DC9DD}.Release|ARM64.ActiveCfg = Release|Win32
		{95D2852C-F642-44F7-A5F6-30B75B6DC9DD}.Release|x64.ActiveCfg = Release|x64
		{95D2852C-F642-44F7-A5F6-30B75B6DC9DD}.Release|x64.Build.0 = Release|x64
		{95D2852C-F642-44F7-A5F6-30B75B6DC9DD}.Release|x86.ActiveCfg = Release|Win32
		{95D2852C-F642-44F7-A5F6-30B75B6DC9DD}.Release|x86.Build.0 = Release|Win32
	EndGlobalSection
	GlobalSection(SolutionProperties) = preSolution
		HideSolutionNode = FALSE
	EndGlobalSection
	GlobalSection(ExtensibilityGlobals) = postSolution
		SolutionGuid = {C3C22CF0-D301-42C4-B9E2-7261DAAE50D6}
	EndGlobalSection
EndGlobal
